{
  "name": "lab5",
  "lockfileVersion": 3,
  "requires": true,
  "packages": {
    "": {
      "dependencies": {
        "keypair": "^1.0.4"
      }
    },
    "node_modules/keypair": {
      "version": "1.0.4",
      "resolved": "https://registry.npmjs.org/keypair/-/keypair-1.0.4.tgz",
      "integrity": "sha512-zwhgOhhniaL7oxMgUMKKw5219PWWABMO+dgMnzJOQ2/5L3XJtTJGhW2PEXlxXj9zaccdReZJZ83+4NPhVfNVDg=="
    }
  }
}
